{
  "nodes": {
    "coinbene-api": {
      "flake": false,
      "locked": {
        "lastModified": 1556347998,
        "narHash": "sha256-qClyQT1RVufuumZto1F6S+ioYN+d/5SzGKNgCaviEyQ=",
        "owner": "dimitri-xyz",
        "repo": "coinbene-api",
        "rev": "899b6d0f1c4c4b7adfb90325f1ff8ecf86953c08",
        "type": "github"
      },
      "original": {
        "owner": "dimitri-xyz",
        "repo": "coinbene-api",
        "rev": "899b6d0f1c4c4b7adfb90325f1ff8ecf86953c08",
        "type": "github"
      }
    },
    "coinbene-connector": {
      "flake": false,
      "locked": {
        "lastModified": 1558931770,
        "narHash": "sha256-PZY+oalROJ062TDvNx+JUUlZGFCrvTmXecVInoXL5Kc=",
        "owner": "dimitri-xyz",
        "repo": "coinbene-connector",
        "rev": "6591768e221696bbe3c6d635c87f8f391c0afe54",
        "type": "github"
      },
      "original": {
        "owner": "dimitri-xyz",
        "repo": "coinbene-connector",
        "rev": "6591768e221696bbe3c6d635c87f8f391c0afe54",
        "type": "github"
      }
    },
    "flake-utils": {
      "locked": {
        "lastModified": 1637014545,
        "narHash": "sha256-26IZAc5yzlD9FlDT54io1oqG/bBoyka+FJk5guaX4x4=",
        "owner": "numtide",
        "repo": "flake-utils",
        "rev": "bba5dcc8e0b20ab664967ad83d24d64cb64ec4f4",
        "type": "github"
      },
      "original": {
        "owner": "numtide",
        "repo": "flake-utils",
        "type": "github"
      }
    },
    "market-interface": {
      "flake": false,
      "locked": {
        "lastModified": 1558931208,
        "narHash": "sha256-KogHvC0ZodRoOaNFHnZ5DYW3cAucQqBop1G/hZrNyWU=",
        "owner": "dimitri-xyz",
        "repo": "market-interface",
        "rev": "408943c819f21bb6a97f99e95b987431bee7f806",
        "type": "github"
      },
      "original": {
        "owner": "dimitri-xyz",
        "repo": "market-interface",
        "rev": "408943c819f21bb6a97f99e95b987431bee7f806",
        "type": "github"
      }
    },
    "market-model": {
      "flake": false,
      "locked": {
        "lastModified": 1558925615,
        "narHash": "sha256-IvVfrmB3XJ3vXARNs1q+wLL09QeF6wDTgStlw1fY/98=",
        "owner": "dimitri-xyz",
        "repo": "market-model",
        "rev": "ab1674058ee39e556a7fcade4de260ff1bdb503a",
        "type": "github"
      },
      "original": {
        "owner": "dimitri-xyz",
        "repo": "market-model",
        "rev": "ab1674058ee39e556a7fcade4de260ff1bdb503a",
        "type": "github"
      }
    },
    "nixpkgs": {
      "locked": {
        "lastModified": 1622516815,
        "narHash": "sha256-ZjBd81a6J3TwtlBr3rHsZspYUwT9OdhDk+a/SgSEf7I=",
        "owner": "NixOS",
        "repo": "nixpkgs",
        "rev": "7e9b0dff974c89e070da1ad85713ff3c20b0ca97",
        "type": "github"
      },
      "original": {
        "id": "nixpkgs",
        "ref": "21.05",
        "type": "indirect"
      }
    },
    "razao-base": {
      "flake": false,
      "locked": {
        "lastModified": 1543943633,
        "narHash": "sha256-2k7e2X09yF1jqlWsRUjyO1n/QbeSOXwQsNDsiKnauAU=",
        "owner": "dimitri-xyz",
        "repo": "razao-base",
        "rev": "5fc12c80aab9757f3aa1202d1abd4a7e172922df",
        "type": "github"
      },
      "original": {
        "owner": "dimitri-xyz",
        "repo": "razao-base",
        "rev": "5fc12c80aab9757f3aa1202d1abd4a7e172922df",
        "type": "github"
      }
    },
    "root": {
      "inputs": {
        "coinbene-api": "coinbene-api",
        "coinbene-connector": "coinbene-connector",
        "flake-utils": "flake-utils",
        "market-interface": "market-interface",
        "market-model": "market-model",
        "nixpkgs": "nixpkgs",
        "razao-base": "razao-base"
      }
    }
  },
  "root": "root",
  "version": 7
}
